
Microsoft Visual Studio Solution File, Format Version 12.00
# Visual Studio Version 16
VisualStudioVersion = 16.0.30717.126
MinimumVisualStudioVersion = 10.0.40219.1
Project("{9A19103F-16F7-4668-BE54-9A1E7A4F7556}") = "COMP2084Assignment", "COMP2084Assignment\COMP2084Assignment.csproj", "{BA70BBC3-8D60-4A01-BCA8-CA0C9440504D}"
EndProject
Project("{9A19103F-16F7-4668-BE54-9A1E7A4F7556}") = "AssignmentTest", "AssignmentTest\AssignmentTest.csproj", "{68884FE7-7A51-4516-9676-6CE220F25F5A}"
	ProjectSection(ProjectDependencies) = postProject
		{BA70BBC3-8D60-4A01-BCA8-CA0C9440504D} = {BA70BBC3-8D60-4A01-BCA8-CA0C9440504D}
	EndProjectSection
EndProject
Global
	GlobalSection(SolutionConfigurationPlatforms) = preSolution
		Debug|Any CPU = Debug|Any CPU
		Release|Any CPU = Release|Any CPU
	EndGlobalSection
	GlobalSection(ProjectConfigurationPlatforms) = postSolution
		{BA70BBC3-8D60-4A01-BCA8-CA0C9440504D}.Debug|Any CPU.ActiveCfg = Debug|Any CPU
		{BA70BBC3-8D60-4A01-BCA8-CA0C9440504D}.Debug|Any CPU.Build.0 = Debug|Any CPU
		{BA70BBC3-8D60-4A01-BCA8-CA0C9440504D}.Release|Any CPU.ActiveCfg = Release|Any CPU
		{BA70BBC3-8D60-4A01-BCA8-CA0C9440504D}.Release|Any CPU.Build.0 = Release|Any CPU
		{68884FE7-7A51-4516-9676-6CE220F25F5A}.Debug|Any CPU.ActiveCfg = Debug|Any CPU
		{68884FE7-7A51-4516-9676-6CE220F25F5A}.Debug|Any CPU.Build.0 = Debug|Any CPU
		{68884FE7-7A51-4516-9676-6CE220F25F5A}.Release|Any CPU.ActiveCfg = Release|Any CPU
		{68884FE7-7A51-4516-9676-6CE220F25F5A}.Release|Any CPU.Build.0 = Release|Any CPU
	EndGlobalSection
	GlobalSection(SolutionProperties) = preSolution
		HideSolutionNode = FALSE
	EndGlobalSection
	GlobalSection(ExtensibilityGlobals) = postSolution
		SolutionGuid = {8E54345C-8F9C-4676-AF20-331EB128692C}
	EndGlobalSection
EndGlobal
